
Microsoft Visual Studio Solution File, Format Version 12.00
# Visual Studio Version 16
VisualStudioVersion = 16.0.33801.447
MinimumVisualStudioVersion = 10.0.40219.1
Project("{8BC9CEB8-8B4A-11D0-8D11-00A0C91BC942}") = "IOCP_01", "IOCP_01\IOCP_01.vcxproj", "{B6DBB166-399B-4704-BF1C-4A1E3276DC8C}"
EndProject
Project("{8BC9CEB8-8B4A-11D0-8D11-00A0C91BC942}") = "IOCP_02", "IOCP_02\IOCP_02.vcxproj", "{ADDBC14A-D0AD-4FEB-930E-7FDF66731CE1}"
EndProject
Project("{8BC9CEB8-8B4A-11D0-8D11-00A0C91BC942}") = "IOCP_03", "IOCP_03\IOCP_03.vcxproj", "{58121A02-115E-4534-A03B-930BFE036FC4}"
EndProject
Project("{8BC9CEB8-8B4A-11D0-8D11-00A0C91BC942}") = "IOCP_04", "IOCP_04\IOCP_04.vcxproj", "{1E23E9A9-D6B6-49D3-A6FD-3D583913F3C2}"
EndProject
Project("{8BC9CEB8-8B4A-11D0-8D11-00A0C91BC942}") = "IOCP_05", "IOCP_05\IOCP_05.vcxproj", "{C827F6D9-42A4-4ED1-8549-A170051B2ADE}"
EndProject
Global
	GlobalSection(SolutionConfigurationPlatforms) = preSolution
		Debug|x64 = Debug|x64
		Debug|x86 = Debug|x86
		Release|x64 = Release|x64
		Release|x86 = Release|x86
	EndGlobalSection
	GlobalSection(ProjectConfigurationPlatforms) = postSolution
		{B6DBB166-399B-4704-BF1C-4A1E3276DC8C}.Debug|x64.ActiveCfg = Debug|x64
		{B6DBB166-399B-4704-BF1C-4A1E3276DC8C}.Debug|x64.Build.0 = Debug|x64
		{B6DBB166-399B-4704-BF1C-4A1E3276DC8C}.Debug|x86.ActiveCfg = Debug|Win32
		{B6DBB166-399B-4704-BF1C-4A1E3276DC8C}.Debug|x86.Build.0 = Debug|Win32
		{B6DBB166-399B-4704-BF1C-4A1E3276DC8C}.Release|x64.ActiveCfg = Release|x64
		{B6DBB166-399B-4704-BF1C-4A1E3276DC8C}.Release|x64.Build.0 = Release|x64
		{B6DBB166-399B-4704-BF1C-4A1E3276DC8C}.Release|x86.ActiveCfg = Release|Win32
		{B6DBB166-399B-4704-BF1C-4A1E3276DC8C}.Release|x86.Build.0 = Release|Win32
		{ADDBC14A-D0AD-4FEB-930E-7FDF66731CE1}.Debug|x64.ActiveCfg = Debug|x64
		{ADDBC14A-D0AD-4FEB-930E-7FDF66731CE1}.Debug|x64.Build.0 = Debug|x64
		{ADDBC14A-D0AD-4FEB-930E-7FDF66731CE1}.Debug|x86.ActiveCfg = Debug|Win32
		{ADDBC14A-D0AD-4FEB-930E-7FDF66731CE1}.Debug|x86.Build.0 = Debug|Win32
		{ADDBC14A-D0AD-4FEB-930E-7FDF66731CE1}.Release|x64.ActiveCfg = Release|x64
		{ADDBC14A-D0AD-4FEB-930E-7FDF66731CE1}.Release|x64.Build.0 = Release|x64
		{ADDBC14A-D0AD-4FEB-930E-7FDF66731CE1}.Release|x86.ActiveCfg = Release|Win32
		{ADDBC14A-D0AD-4FEB-930E-7FDF66731CE1}.Release|x86.Build.0 = Release|Win32
		{58121A02-115E-4534-A03B-930BFE036FC4}.Debug|x64.ActiveCfg = Debug|x64
		{58121A02-115E-4534-A03B-930BFE036FC4}.Debug|x64.Build.0 = Debug|x64
		{58121A02-115E-4534-A03B-930BFE036FC4}.Debug|x86.ActiveCfg = Debug|Win32
		{58121A02-115E-4534-A03B-930BFE036FC4}.Debug|x86.Build.0 = Debug|Win32
		{58121A02-115E-4534-A03B-930BFE036FC4}.Release|x64.ActiveCfg = Release|x64
		{58121A02-115E-4534-A03B-930BFE036FC4}.Release|x64.Build.0 = Release|x64
		{58121A02-115E-4534-A03B-930BFE036FC4}.Release|x86.ActiveCfg = Release|Win32
		{58121A02-115E-4534-A03B-930BFE036FC4}.Release|x86.Build.0 = Release|Win32
		{1E23E9A9-D6B6-49D3-A6FD-3D583913F3C2}.Debug|x64.ActiveCfg = Debug|x64
		{1E23E9A9-D6B6-49D3-A6FD-3D583913F3C2}.Debug|x64.Build.0 = Debug|x64
		{1E23E9A9-D6B6-49D3-A6FD-3D583913F3C2}.Debug|x86.ActiveCfg = Debug|Win32
		{1E23E9A9-D6B6-49D3-A6FD-3D583913F3C2}.Debug|x86.Build.0 = Debug|Win32
		{1E23E9A9-D6B6-49D3-A6FD-3D583913F3C2}.Release|x64.ActiveCfg = Release|x64
		{1E23E9A9-D6B6-49D3-A6FD-3D583913F3C2}.Release|x64.Build.0 = Release|x64
		{1E23E9A9-D6B6-49D3-A6FD-3D583913F3C2}.Release|x86.ActiveCfg = Release|Win32
		{1E23E9A9-D6B6-49D3-A6FD-3D583913F3C2}.Release|x86.Build.0 = Release|Win32
		{C827F6D9-42A4-4ED1-8549-A170051B2ADE}.Debug|x64.ActiveCfg = Debug|x64
		{C827F6D9-42A4-4ED1-8549-A170051B2ADE}.Debug|x64.Build.0 = Debug|x64
		{C827F6D9-42A4-4ED1-8549-A170051B2ADE}.Debug|x86.ActiveCfg = Debug|Win32
		{C827F6D9-42A4-4ED1-8549-A170051B2ADE}.Debug|x86.Build.0 = Debug|Win32
		{C827F6D9-42A4-4ED1-8549-A170051B2ADE}.Release|x64.ActiveCfg = Release|x64
		{C827F6D9-42A4-4ED1-8549-A170051B2ADE}.Release|x64.Build.0 = Release|x64
		{C827F6D9-42A4-4ED1-8549-A170051B2ADE}.Release|x86.ActiveCfg = Release|Win32
		{C827F6D9-42A4-4ED1-8549-A170051B2ADE}.Release|x86.Build.0 = Release|Win32
	EndGlobalSection
	GlobalSection(SolutionProperties) = preSolution
		HideSolutionNode = FALSE
	EndGlobalSection
	GlobalSection(ExtensibilityGlobals) = postSolution
		SolutionGuid = {60DB6FC2-51D1-4CEE-B4F4-6DC5A58BC7B0}
	EndGlobalSection
EndGlobal
