<?xml version="1.0" encoding="utf-8"?>
<Project ToolsVersion="4.0" xmlns="http://schemas.microsoft.com/developer/msbuild/2003">
  <ItemGroup>
    <None Include="hiredis.dll" />
  </ItemGroup>
  <ItemGroup>
    <ClCompile Include="main.cpp" />
    <ClCompile Include="pch.cpp" />
    <ClCompile Include="User.cpp" />
    <ClCompile Include="UserManager.cpp" />
    <ClCompile Include="ChatServer.cpp" />
    <ClCompile Include="IOCPServer.cpp">
      <Filter>ServerNetwork</Filter>
    </ClCompile>
    <ClCompile Include="ClientInfo.cpp">
      <Filter>ServerNetwork</Filter>
    </ClCompile>
    <ClCompile Include="PacketManager.cpp">
      <Filter>Packet</Filter>
    </ClCompile>
    <ClCompile Include="Room.cpp">
      <Filter>Content</Filter>
    </ClCompile>
    <ClCompile Include="RoomManager.cpp">
      <Filter>Content</Filter>
    </ClCompile>
    <ClCompile Include="RedisManager.cpp">
      <Filter>Redis</Filter>
    </ClCompile>
  </ItemGroup>
  <ItemGroup>
    <ClInclude Include="pch.h" />
    <ClInclude Include="User.h" />
    <ClInclude Include="UserManager.h" />
    <ClInclude Include="ChatServer.h" />
    <ClInclude Include="IOCPServer.h">
      <Filter>ServerNetwork</Filter>
    </ClInclude>
    <ClInclude Include="ClientInfo.h">
      <Filter>ServerNetwork</Filter>
    </ClInclude>
    <ClInclude Include="Define.h">
      <Filter>ServerNetwork</Filter>
    </ClInclude>
    <ClInclude Include="PacketManager.h">
      <Filter>Packet</Filter>
    </ClInclude>
    <ClInclude Include="Packet.h">
      <Filter>Packet</Filter>
    </ClInclude>
    <ClInclude Include="ErrorCode.h">
      <Filter>Packet</Filter>
    </ClInclude>
    <ClInclude Include="RoomManager.h">
      <Filter>Content</Filter>
    </ClInclude>
    <ClInclude Include="Room.h">
      <Filter>Content</Filter>
    </ClInclude>
    <ClInclude Include="RedisTaskDefine.h">
      <Filter>Redis</Filter>
    </ClInclude>
    <ClInclude Include="RedisManager.h">
      <Filter>Redis</Filter>
    </ClInclude>
  </ItemGroup>
  <ItemGroup>
    <Filter Include="ServerNetwork">
      <UniqueIdentifier>{83f699bf-5993-4ab4-866a-01a6a3641466}</UniqueIdentifier>
    </Filter>
    <Filter Include="Packet">
      <UniqueIdentifier>{5db67a2e-5d4c-4e0a-9d0c-100c3cc09e27}</UniqueIdentifier>
    </Filter>
    <Filter Include="Content">
      <UniqueIdentifier>{68a42b27-9486-40e7-898a-b0745d9eee1e}</UniqueIdentifier>
    </Filter>
    <Filter Include="Redis">
      <UniqueIdentifier>{743f668d-e8a8-4a4b-a78d-0e9f99cff9a7}</UniqueIdentifier>
    </Filter>
  </ItemGroup>
</Project>