
Microsoft Visual Studio Solution File, Format Version 12.00
# Visual Studio Version 16
VisualStudioVersion = 16.0.33801.447
MinimumVisualStudioVersion = 10.0.40219.1
Project("{8BC9CEB8-8B4A-11D0-8D11-00A0C91BC942}") = "Chap02", "Chap02\Chap02.vcxproj", "{7F1F5E56-1A29-4658-803E-092280AB02A7}"
EndProject
Project("{8BC9CEB8-8B4A-11D0-8D11-00A0C91BC942}") = "Chap03-01", "Chap03-01\Chap03-01.vcxproj", "{27C9E279-86CE-4A90-A6E3-5559B32EDB04}"
EndProject
Project("{8BC9CEB8-8B4A-11D0-8D11-00A0C91BC942}") = "Chap03-02", "Chap03-02\Chap03-02.vcxproj", "{A028DBE7-99C3-4515-8367-03526F86E0A9}"
EndProject
Project("{8BC9CEB8-8B4A-11D0-8D11-00A0C91BC942}") = "Chap03-03", "Chap03-03\Chap03-03.vcxproj", "{3A90CF74-032C-46A8-BCF3-782F9D35232D}"
EndProject
Global
	GlobalSection(SolutionConfigurationPlatforms) = preSolution
		Debug|x64 = Debug|x64
		Debug|x86 = Debug|x86
		Release|x64 = Release|x64
		Release|x86 = Release|x86
	EndGlobalSection
	GlobalSection(ProjectConfigurationPlatforms) = postSolution
		{7F1F5E56-1A29-4658-803E-092280AB02A7}.Debug|x64.ActiveCfg = Debug|x64
		{7F1F5E56-1A29-4658-803E-092280AB02A7}.Debug|x64.Build.0 = Debug|x64
		{7F1F5E56-1A29-4658-803E-092280AB02A7}.Debug|x86.ActiveCfg = Debug|Win32
		{7F1F5E56-1A29-4658-803E-092280AB02A7}.Debug|x86.Build.0 = Debug|Win32
		{7F1F5E56-1A29-4658-803E-092280AB02A7}.Release|x64.ActiveCfg = Release|x64
		{7F1F5E56-1A29-4658-803E-092280AB02A7}.Release|x64.Build.0 = Release|x64
		{7F1F5E56-1A29-4658-803E-092280AB02A7}.Release|x86.ActiveCfg = Release|Win32
		{7F1F5E56-1A29-4658-803E-092280AB02A7}.Release|x86.Build.0 = Release|Win32
		{27C9E279-86CE-4A90-A6E3-5559B32EDB04}.Debug|x64.ActiveCfg = Debug|x64
		{27C9E279-86CE-4A90-A6E3-5559B32EDB04}.Debug|x64.Build.0 = Debug|x64
		{27C9E279-86CE-4A90-A6E3-5559B32EDB04}.Debug|x86.ActiveCfg = Debug|Win32
		{27C9E279-86CE-4A90-A6E3-5559B32EDB04}.Debug|x86.Build.0 = Debug|Win32
		{27C9E279-86CE-4A90-A6E3-5559B32EDB04}.Release|x64.ActiveCfg = Release|x64
		{27C9E279-86CE-4A90-A6E3-5559B32EDB04}.Release|x64.Build.0 = Release|x64
		{27C9E279-86CE-4A90-A6E3-5559B32EDB04}.Release|x86.ActiveCfg = Release|Win32
		{27C9E279-86CE-4A90-A6E3-5559B32EDB04}.Release|x86.Build.0 = Release|Win32
		{A028DBE7-99C3-4515-8367-03526F86E0A9}.Debug|x64.ActiveCfg = Debug|x64
		{A028DBE7-99C3-4515-8367-03526F86E0A9}.Debug|x64.Build.0 = Debug|x64
		{A028DBE7-99C3-4515-8367-03526F86E0A9}.Debug|x86.ActiveCfg = Debug|Win32
		{A028DBE7-99C3-4515-8367-03526F86E0A9}.Debug|x86.Build.0 = Debug|Win32
		{A028DBE7-99C3-4515-8367-03526F86E0A9}.Release|x64.ActiveCfg = Release|x64
		{A028DBE7-99C3-4515-8367-03526F86E0A9}.Release|x64.Build.0 = Release|x64
		{A028DBE7-99C3-4515-8367-03526F86E0A9}.Release|x86.ActiveCfg = Release|Win32
		{A028DBE7-99C3-4515-8367-03526F86E0A9}.Release|x86.Build.0 = Release|Win32
		{3A90CF74-032C-46A8-BCF3-782F9D35232D}.Debug|x64.ActiveCfg = Debug|x64
		{3A90CF74-032C-46A8-BCF3-782F9D35232D}.Debug|x64.Build.0 = Debug|x64
		{3A90CF74-032C-46A8-BCF3-782F9D35232D}.Debug|x86.ActiveCfg = Debug|Win32
		{3A90CF74-032C-46A8-BCF3-782F9D35232D}.Debug|x86.Build.0 = Debug|Win32
		{3A90CF74-032C-46A8-BCF3-782F9D35232D}.Release|x64.ActiveCfg = Release|x64
		{3A90CF74-032C-46A8-BCF3-782F9D35232D}.Release|x64.Build.0 = Release|x64
		{3A90CF74-032C-46A8-BCF3-782F9D35232D}.Release|x86.ActiveCfg = Release|Win32
		{3A90CF74-032C-46A8-BCF3-782F9D35232D}.Release|x86.Build.0 = Release|Win32
	EndGlobalSection
	GlobalSection(SolutionProperties) = preSolution
		HideSolutionNode = FALSE
	EndGlobalSection
	GlobalSection(ExtensibilityGlobals) = postSolution
		SolutionGuid = {15D82289-7FBA-4B2E-9C58-F10AC0E93DCA}
	EndGlobalSection
EndGlobal
