<?xml version="1.0" encoding="utf-8"?>
<Project ToolsVersion="4.0" xmlns="http://schemas.microsoft.com/developer/msbuild/2003">
  <ItemGroup>
    <Filter Include="Engine">
      <UniqueIdentifier>{8c4eb9eb-3a24-4bea-8dab-470abb30d265}</UniqueIdentifier>
    </Filter>
    <Filter Include="Default">
      <UniqueIdentifier>{f8327eeb-225b-4fec-8008-8cfd4b44b6f2}</UniqueIdentifier>
    </Filter>
    <Filter Include="Default\리소스 파일">
      <UniqueIdentifier>{67DA6AB6-F800-4c08-8B7A-83BB121AAD01}</UniqueIdentifier>
      <Extensions>rc;ico;cur;bmp;dlg;rc2;rct;bin;rgs;gif;jpg;jpeg;jpe;resx;tiff;tif;png;wav;mfcribbon-ms</Extensions>
    </Filter>
    <Filter Include="Engine\02. Core">
      <UniqueIdentifier>{163e3332-dc11-4b2d-86ee-ca2626d795aa}</UniqueIdentifier>
    </Filter>
    <Filter Include="Engine\01. Header">
      <UniqueIdentifier>{5291c2ed-250a-422f-9f27-157a06ae415e}</UniqueIdentifier>
    </Filter>
    <Filter Include="Engine\03. Manager">
      <UniqueIdentifier>{2b60ade4-f4db-488d-abfc-5e0044f34159}</UniqueIdentifier>
    </Filter>
    <Filter Include="Engine\03. Manager\KeyManager">
      <UniqueIdentifier>{2ce2d54d-1617-4a14-a22b-b4a8239ce5eb}</UniqueIdentifier>
    </Filter>
    <Filter Include="Engine\04. Object">
      <UniqueIdentifier>{66f900d3-6669-4534-ac4e-d0f3f1846ea7}</UniqueIdentifier>
    </Filter>
    <Filter Include="Engine\03. Manager\TimeManager">
      <UniqueIdentifier>{b9a1595b-2cd5-4d35-8b02-4b9150198a7a}</UniqueIdentifier>
    </Filter>
    <Filter Include="Engine\05. Scene">
      <UniqueIdentifier>{7627219c-d1e8-4196-b4f9-07707bf61b5e}</UniqueIdentifier>
    </Filter>
    <Filter Include="Engine\03. Manager\SceneManager">
      <UniqueIdentifier>{e83086ae-ffbb-4264-912e-f3e8f1d1b155}</UniqueIdentifier>
    </Filter>
    <Filter Include="Engine\05. Scene\SceneStart">
      <UniqueIdentifier>{42eedb7a-31f3-4a69-ba56-e2e90add6ab0}</UniqueIdentifier>
    </Filter>
    <Filter Include="Engine\05. Scene\SceneTool">
      <UniqueIdentifier>{770ab0b6-d91c-409b-a9f5-fde54bae2278}</UniqueIdentifier>
    </Filter>
    <Filter Include="Engine\04. Object\Player">
      <UniqueIdentifier>{c26d53b4-1117-4b80-a53b-71e09a422236}</UniqueIdentifier>
    </Filter>
    <Filter Include="Engine\04. Object\Monster">
      <UniqueIdentifier>{4d3021b2-9c46-4455-96d3-6c679ab2db75}</UniqueIdentifier>
    </Filter>
    <Filter Include="Engine\04. Object\Missile">
      <UniqueIdentifier>{8291da0d-dcd1-42c3-8533-926f9e10299e}</UniqueIdentifier>
    </Filter>
    <Filter Include="Engine\06. Resource">
      <UniqueIdentifier>{5bfbe28d-325a-48b3-a6a4-bafe531829e9}</UniqueIdentifier>
    </Filter>
    <Filter Include="Engine\06. Resource\Texture">
      <UniqueIdentifier>{05de8ae8-6f33-481e-9559-0e0ebe60b332}</UniqueIdentifier>
    </Filter>
    <Filter Include="Engine\06. Resource\Sound">
      <UniqueIdentifier>{9c16fe97-5fc0-42a8-8ba8-a324e2c7cf16}</UniqueIdentifier>
    </Filter>
    <Filter Include="Engine\03. Manager\PathManager">
      <UniqueIdentifier>{e90fa277-02f6-4ac0-b86c-da7de77a87a0}</UniqueIdentifier>
    </Filter>
  </ItemGroup>
  <ItemGroup>
    <ClInclude Include="CCore.h">
      <Filter>Engine\02. Core</Filter>
    </ClInclude>
    <ClInclude Include="Client.h">
      <Filter>Default</Filter>
    </ClInclude>
    <ClInclude Include="framework.h">
      <Filter>Default</Filter>
    </ClInclude>
    <ClInclude Include="Resource.h">
      <Filter>Default</Filter>
    </ClInclude>
    <ClInclude Include="targetver.h">
      <Filter>Default</Filter>
    </ClInclude>
    <ClInclude Include="define.h">
      <Filter>Engine\01. Header</Filter>
    </ClInclude>
    <ClInclude Include="CKeyManager.h">
      <Filter>Engine\03. Manager\KeyManager</Filter>
    </ClInclude>
    <ClInclude Include="CObject.h">
      <Filter>Engine\04. Object</Filter>
    </ClInclude>
    <ClInclude Include="pch.h" />
    <ClInclude Include="struct.h">
      <Filter>Engine\01. Header</Filter>
    </ClInclude>
    <ClInclude Include="CTimeManager.h">
      <Filter>Engine\03. Manager\TimeManager</Filter>
    </ClInclude>
    <ClInclude Include="CSceneManager.h">
      <Filter>Engine\03. Manager\SceneManager</Filter>
    </ClInclude>
    <ClInclude Include="CScene.h">
      <Filter>Engine\05. Scene</Filter>
    </ClInclude>
    <ClInclude Include="CSceneStart.h">
      <Filter>Engine\05. Scene\SceneStart</Filter>
    </ClInclude>
    <ClInclude Include="CSceneTool.h">
      <Filter>Engine\05. Scene\SceneTool</Filter>
    </ClInclude>
    <ClInclude Include="CPlayer.h">
      <Filter>Engine\04. Object\Player</Filter>
    </ClInclude>
    <ClInclude Include="CMonster.h">
      <Filter>Engine\04. Object\Monster</Filter>
    </ClInclude>
    <ClInclude Include="CMissile.h">
      <Filter>Engine\04. Object\Missile</Filter>
    </ClInclude>
    <ClInclude Include="CCurvedMissile.h">
      <Filter>Engine\04. Object\Missile</Filter>
    </ClInclude>
    <ClInclude Include="CResource.h">
      <Filter>Engine\06. Resource</Filter>
    </ClInclude>
    <ClInclude Include="CSound.h">
      <Filter>Engine\06. Resource\Sound</Filter>
    </ClInclude>
    <ClInclude Include="CTexture.h">
      <Filter>Engine\06. Resource\Texture</Filter>
    </ClInclude>
    <ClInclude Include="CPathManager.h">
      <Filter>Engine\03. Manager\PathManager</Filter>
    </ClInclude>
  </ItemGroup>
  <ItemGroup>
    <ResourceCompile Include="Client.rc">
      <Filter>Default\리소스 파일</Filter>
    </ResourceCompile>
  </ItemGroup>
  <ItemGroup>
    <Image Include="small.ico">
      <Filter>Default\리소스 파일</Filter>
    </Image>
    <Image Include="Client.ico">
      <Filter>Default\리소스 파일</Filter>
    </Image>
  </ItemGroup>
  <ItemGroup>
    <ClCompile Include="CCore.cpp">
      <Filter>Engine\02. Core</Filter>
    </ClCompile>
    <ClCompile Include="CKeyManager.cpp">
      <Filter>Engine\03. Manager\KeyManager</Filter>
    </ClCompile>
    <ClCompile Include="CObject.cpp">
      <Filter>Engine\04. Object</Filter>
    </ClCompile>
    <ClCompile Include="main.cpp" />
    <ClCompile Include="CTimeManager.cpp">
      <Filter>Engine\03. Manager\TimeManager</Filter>
    </ClCompile>
    <ClCompile Include="CSceneManager.cpp">
      <Filter>Engine\03. Manager\SceneManager</Filter>
    </ClCompile>
    <ClCompile Include="CScene.cpp">
      <Filter>Engine\05. Scene</Filter>
    </ClCompile>
    <ClCompile Include="CSceneStart.cpp">
      <Filter>Engine\05. Scene\SceneStart</Filter>
    </ClCompile>
    <ClCompile Include="CSceneTool.cpp">
      <Filter>Engine\05. Scene\SceneTool</Filter>
    </ClCompile>
    <ClCompile Include="CPlayer.cpp">
      <Filter>Engine\04. Object\Player</Filter>
    </ClCompile>
    <ClCompile Include="CMonster.cpp">
      <Filter>Engine\04. Object\Monster</Filter>
    </ClCompile>
    <ClCompile Include="CMissile.cpp">
      <Filter>Engine\04. Object\Missile</Filter>
    </ClCompile>
    <ClCompile Include="CCurvedMissile.cpp">
      <Filter>Engine\04. Object\Missile</Filter>
    </ClCompile>
    <ClCompile Include="CResource.cpp">
      <Filter>Engine\06. Resource</Filter>
    </ClCompile>
    <ClCompile Include="CSound.cpp">
      <Filter>Engine\06. Resource\Sound</Filter>
    </ClCompile>
    <ClCompile Include="CTexture.cpp">
      <Filter>Engine\06. Resource\Texture</Filter>
    </ClCompile>
    <ClCompile Include="CPathManager.cpp">
      <Filter>Engine\03. Manager\PathManager</Filter>
    </ClCompile>
  </ItemGroup>
</Project>